<?xml version="1.0" encoding="utf-8"?>
<Project ToolsVersion="4.0" xmlns="http://schemas.microsoft.com/developer/msbuild/2003">
  <ItemGroup>
    <Filter Include="Archivos de origen">
      <UniqueIdentifier>{4FC737F1-C7A5-4376-A066-2A32D752A2FF}</UniqueIdentifier>
      <Extensions>cpp;c;cc;cxx;c++;cppm;ixx;def;odl;idl;hpj;bat;asm;asmx</Extensions>
    </Filter>
    <Filter Include="Archivos de encabezado">
      <UniqueIdentifier>{93995380-89BD-4b04-88EB-625FBE52EBFB}</UniqueIdentifier>
      <Extensions>h;hh;hpp;hxx;h++;hm;inl;inc;ipp;xsd</Extensions>
    </Filter>
    <Filter Include="Archivos de recursos">
      <UniqueIdentifier>{67DA6AB6-F800-4c08-8B7A-83BB121AAD01}</UniqueIdentifier>
      <Extensions>rc;ico;cur;bmp;dlg;rc2;rct;bin;rgs;gif;jpg;jpeg;jpe;resx;tiff;tif;png;wav;mfcribbon-ms</Extensions>
    </Filter>
    <Filter Include="udis86">
      <UniqueIdentifier>{edd3fb36-c324-4f51-897e-4021a7ecbf77}</UniqueIdentifier>
    </Filter>
  </ItemGroup>
  <ItemGroup>
    <ClCompile Include="udis86\decode.c">
      <Filter>udis86</Filter>
    </ClCompile>
    <ClCompile Include="udis86\input.c">
      <Filter>udis86</Filter>
    </ClCompile>
    <ClCompile Include="udis86\itab.c">
      <Filter>udis86</Filter>
    </ClCompile>
    <ClCompile Include="udis86\syn.c">
      <Filter>udis86</Filter>
    </ClCompile>
    <ClCompile Include="udis86\syn-att.c">
      <Filter>udis86</Filter>
    </ClCompile>
    <ClCompile Include="udis86\syn-intel.c">
      <Filter>udis86</Filter>
    </ClCompile>
    <ClCompile Include="udis86\udis86.c">
      <Filter>udis86</Filter>
    </ClCompile>
    <ClCompile Include="DirectInputHook.cpp">
      <Filter>Archivos de origen</Filter>
    </ClCompile>
    <ClCompile Include="DllMain.cpp">
      <Filter>Archivos de origen</Filter>
    </ClCompile>
    <ClCompile Include="Global.cpp">
      <Filter>Archivos de origen</Filter>
    </ClCompile>
    <ClCompile Include="Hook.cpp">
      <Filter>Archivos de origen</Filter>
    </ClCompile>
    <ClCompile Include="Hooker.cpp">
      <Filter>Archivos de origen</Filter>
    </ClCompile>
    <ClCompile Include="IDInDev.cpp">
      <Filter>Archivos de origen</Filter>
    </ClCompile>
    <ClCompile Include="IDInDevFake.cpp">
      <Filter>Archivos de origen</Filter>
    </ClCompile>
    <ClCompile Include="JVSEmu.cpp">
      <Filter>Archivos de origen</Filter>
    </ClCompile>
    <ClCompile Include="Logging.cpp">
      <Filter>Archivos de origen</Filter>
    </ClCompile>
    <ClCompile Include="SetInput.cpp">
      <Filter>Archivos de origen</Filter>
    </ClCompile>
    <ClCompile Include="SetInputM.cpp">
      <Filter>Archivos de origen</Filter>
    </ClCompile>
    <ClCompile Include="SetOptions.cpp">
      <Filter>Archivos de origen</Filter>
    </ClCompile>
  </ItemGroup>
  <ItemGroup>
    <ClInclude Include="udis86\decode.h">
      <Filter>udis86</Filter>
    </ClInclude>
    <ClInclude Include="udis86\extern.h">
      <Filter>udis86</Filter>
    </ClInclude>
    <ClInclude Include="udis86\input.h">
      <Filter>udis86</Filter>
    </ClInclude>
    <ClInclude Include="udis86\itab.h">
      <Filter>udis86</Filter>
    </ClInclude>
    <ClInclude Include="udis86\syn.h">
      <Filter>udis86</Filter>
    </ClInclude>
    <ClInclude Include="udis86\types.h">
      <Filter>udis86</Filter>
    </ClInclude>
    <ClInclude Include="udis86\udis86.h">
      <Filter>udis86</Filter>
    </ClInclude>
    <ClInclude Include="Global.h">
      <Filter>Archivos de encabezado</Filter>
    </ClInclude>
    <ClInclude Include="Hook.h">
      <Filter>Archivos de encabezado</Filter>
    </ClInclude>
    <ClInclude Include="IDInDev.h">
      <Filter>Archivos de encabezado</Filter>
    </ClInclude>
    <ClInclude Include="IDInDevFake.h">
      <Filter>Archivos de encabezado</Filter>
    </ClInclude>
    <ClInclude Include="JVSEmu.h">
      <Filter>Archivos de encabezado</Filter>
    </ClInclude>
    <ClInclude Include="SetInput.h">
      <Filter>Archivos de encabezado</Filter>
    </ClInclude>
    <ClInclude Include="SetInputM.h">
      <Filter>Archivos de encabezado</Filter>
    </ClInclude>
    <ClInclude Include="SetOptions.h">
      <Filter>Archivos de encabezado</Filter>
    </ClInclude>
  </ItemGroup>
</Project>